
Microsoft Visual Studio Solution File, Format Version 12.00
# Visual Studio Version 17
VisualStudioVersion = 17.10.34902.84
MinimumVisualStudioVersion = 10.0.40219.1
Project("{FAE04EC0-301F-11D3-BF4B-00C04F79EFBC}") = "Tamrin4", "Tamrin4\Tamrin4.csproj", "{D884D2E0-AAAB-405A-9FA8-3F995A12A105}"
EndProject
Global
	GlobalSection(SolutionConfigurationPlatforms) = preSolution
		Debug|Any CPU = Debug|Any CPU
		Release|Any CPU = Release|Any CPU
	EndGlobalSection
	GlobalSection(ProjectConfigurationPlatforms) = postSolution
		{D884D2E0-AAAB-405A-9FA8-3F995A12A105}.Debug|Any CPU.ActiveCfg = Debug|Any CPU
		{D884D2E0-AAAB-405A-9FA8-3F995A12A105}.Debug|Any CPU.Build.0 = Debug|Any CPU
		{D884D2E0-AAAB-405A-9FA8-3F995A12A105}.Release|Any CPU.ActiveCfg = Release|Any CPU
		{D884D2E0-AAAB-405A-9FA8-3F995A12A105}.Release|Any CPU.Build.0 = Release|Any CPU
	EndGlobalSection
	GlobalSection(SolutionProperties) = preSolution
		HideSolutionNode = FALSE
	EndGlobalSection
	GlobalSection(ExtensibilityGlobals) = postSolution
		SolutionGuid = {B3B93155-677B-4298-BF83-587F1DA06F00}
	EndGlobalSection
EndGlobal
